
Microsoft Visual Studio Solution File, Format Version 12.00
# Visual Studio Version 16
VisualStudioVersion = 16.0.30204.135
MinimumVisualStudioVersion = 10.0.40219.1
Project("{8BC9CEB8-8B4A-11D0-8D11-00A0C91BC942}") = "CalculateTwoIntegers", "CalculateTwoIntegers.vcxproj", "{DAF3F08E-CE3E-4262-A9A9-9BC51CAFE962}"
EndProject
Global
	GlobalSection(SolutionConfigurationPlatforms) = preSolution
		Debug|x64 = Debug|x64
		Debug|x86 = Debug|x86
		Release|x64 = Release|x64
		Release|x86 = Release|x86
	EndGlobalSection
	GlobalSection(ProjectConfigurationPlatforms) = postSolution
		{DAF3F08E-CE3E-4262-A9A9-9BC51CAFE962}.Debug|x64.ActiveCfg = Debug|x64
		{DAF3F08E-CE3E-4262-A9A9-9BC51CAFE962}.Debug|x64.Build.0 = Debug|x64
		{DAF3F08E-CE3E-4262-A9A9-9BC51CAFE962}.Debug|x86.ActiveCfg = Debug|Win32
		{DAF3F08E-CE3E-4262-A9A9-9BC51CAFE962}.Debug|x86.Build.0 = Debug|Win32
		{DAF3F08E-CE3E-4262-A9A9-9BC51CAFE962}.Release|x64.ActiveCfg = Release|x64
		{DAF3F08E-CE3E-4262-A9A9-9BC51CAFE962}.Release|x64.Build.0 = Release|x64
		{DAF3F08E-CE3E-4262-A9A9-9BC51CAFE962}.Release|x86.ActiveCfg = Release|Win32
		{DAF3F08E-CE3E-4262-A9A9-9BC51CAFE962}.Release|x86.Build.0 = Release|Win32
	EndGlobalSection
	GlobalSection(SolutionProperties) = preSolution
		HideSolutionNode = FALSE
	EndGlobalSection
	GlobalSection(ExtensibilityGlobals) = postSolution
		SolutionGuid = {54D10194-33E4-4682-9F5B-61CFE9F209B1}
	EndGlobalSection
EndGlobal
